
Microsoft Visual Studio Solution File, Format Version 12.00
# Visual Studio Version 17
VisualStudioVersion = 17.6.33723.286
MinimumVisualStudioVersion = 10.0.40219.1
Project("{9A19103F-16F7-4668-BE54-9A1E7A4F7556}") = "Marlin.sqlite", "Marlin.sqlite.csproj", "{1E9D5AF5-9628-4961-A593-8CE146465871}"
EndProject
Global
	GlobalSection(SolutionConfigurationPlatforms) = preSolution
		Debug|Any CPU = Debug|Any CPU
		Release|Any CPU = Release|Any CPU
	EndGlobalSection
	GlobalSection(ProjectConfigurationPlatforms) = postSolution
		{1E9D5AF5-9628-4961-A593-8CE146465871}.Debug|Any CPU.ActiveCfg = Debug|Any CPU
		{1E9D5AF5-9628-4961-A593-8CE146465871}.Debug|Any CPU.Build.0 = Debug|Any CPU
		{1E9D5AF5-9628-4961-A593-8CE146465871}.Release|Any CPU.ActiveCfg = Release|Any CPU
		{1E9D5AF5-9628-4961-A593-8CE146465871}.Release|Any CPU.Build.0 = Release|Any CPU
	EndGlobalSection
	GlobalSection(SolutionProperties) = preSolution
		HideSolutionNode = FALSE
	EndGlobalSection
	GlobalSection(ExtensibilityGlobals) = postSolution
		SolutionGuid = {E2CB54E1-950F-464B-8F40-1C5C6984B9E3}
	EndGlobalSection
EndGlobal
